
Microsoft Visual Studio Solution File, Format Version 12.00
# Visual Studio 15
VisualStudioVersion = 15.0.28010.2026
MinimumVisualStudioVersion = 10.0.40219.1
Project("{8BC9CEB8-8B4A-11D0-8D11-00A0C91BC942}") = "Labo15", "Labo15\Labo15.vcxproj", "{D4FE4430-E4DB-44BF-ABEA-A7E1B91F9095}"
EndProject
Global
	GlobalSection(SolutionConfigurationPlatforms) = preSolution
		Debug|x64 = Debug|x64
		Debug|x86 = Debug|x86
		Release|x64 = Release|x64
		Release|x86 = Release|x86
	EndGlobalSection
	GlobalSection(ProjectConfigurationPlatforms) = postSolution
		{D4FE4430-E4DB-44BF-ABEA-A7E1B91F9095}.Debug|x64.ActiveCfg = Debug|x64
		{D4FE4430-E4DB-44BF-ABEA-A7E1B91F9095}.Debug|x64.Build.0 = Debug|x64
		{D4FE4430-E4DB-44BF-ABEA-A7E1B91F9095}.Debug|x86.ActiveCfg = Debug|Win32
		{D4FE4430-E4DB-44BF-ABEA-A7E1B91F9095}.Debug|x86.Build.0 = Debug|Win32
		{D4FE4430-E4DB-44BF-ABEA-A7E1B91F9095}.Release|x64.ActiveCfg = Release|x64
		{D4FE4430-E4DB-44BF-ABEA-A7E1B91F9095}.Release|x64.Build.0 = Release|x64
		{D4FE4430-E4DB-44BF-ABEA-A7E1B91F9095}.Release|x86.ActiveCfg = Release|Win32
		{D4FE4430-E4DB-44BF-ABEA-A7E1B91F9095}.Release|x86.Build.0 = Release|Win32
	EndGlobalSection
	GlobalSection(SolutionProperties) = preSolution
		HideSolutionNode = FALSE
	EndGlobalSection
	GlobalSection(ExtensibilityGlobals) = postSolution
		SolutionGuid = {CDEF3D5E-2BDE-42F9-9AD3-B0422A91E795}
	EndGlobalSection
EndGlobal
